
Microsoft Visual Studio Solution File, Format Version 12.00
# Visual Studio Version 17
VisualStudioVersion = 17.7.34202.233
MinimumVisualStudioVersion = 10.0.40219.1
Project("{8BC9CEB8-8B4A-11D0-8D11-00A0C91BC942}") = "15-For loop Factorial", "15-For loop Factorial\15-For loop Factorial.vcxproj", "{1F1CC720-53EC-4599-80B5-F487DB8AA234}"
EndProject
Global
	GlobalSection(SolutionConfigurationPlatforms) = preSolution
		Debug|x64 = Debug|x64
		Debug|x86 = Debug|x86
		Release|x64 = Release|x64
		Release|x86 = Release|x86
	EndGlobalSection
	GlobalSection(ProjectConfigurationPlatforms) = postSolution
		{1F1CC720-53EC-4599-80B5-F487DB8AA234}.Debug|x64.ActiveCfg = Debug|x64
		{1F1CC720-53EC-4599-80B5-F487DB8AA234}.Debug|x64.Build.0 = Debug|x64
		{1F1CC720-53EC-4599-80B5-F487DB8AA234}.Debug|x86.ActiveCfg = Debug|Win32
		{1F1CC720-53EC-4599-80B5-F487DB8AA234}.Debug|x86.Build.0 = Debug|Win32
		{1F1CC720-53EC-4599-80B5-F487DB8AA234}.Release|x64.ActiveCfg = Release|x64
		{1F1CC720-53EC-4599-80B5-F487DB8AA234}.Release|x64.Build.0 = Release|x64
		{1F1CC720-53EC-4599-80B5-F487DB8AA234}.Release|x86.ActiveCfg = Release|Win32
		{1F1CC720-53EC-4599-80B5-F487DB8AA234}.Release|x86.Build.0 = Release|Win32
	EndGlobalSection
	GlobalSection(SolutionProperties) = preSolution
		HideSolutionNode = FALSE
	EndGlobalSection
	GlobalSection(ExtensibilityGlobals) = postSolution
		SolutionGuid = {A80F078B-FEBB-4D82-85D4-75161CB7185E}
	EndGlobalSection
EndGlobal
